
Microsoft Visual Studio Solution File, Format Version 12.00
# Visual Studio 15
VisualStudioVersion = 15.0.27130.2027
MinimumVisualStudioVersion = 10.0.40219.1
Project("{FAE04EC0-301F-11D3-BF4B-00C04F79EFBC}") = "DVCS_Website", "DVCS_Website\DVCS_Website.csproj", "{C12BCFE9-3B64-4994-87D8-B57210ED5AB6}"
EndProject
Global
	GlobalSection(SolutionConfigurationPlatforms) = preSolution
		Debug|Any CPU = Debug|Any CPU
		Release|Any CPU = Release|Any CPU
	EndGlobalSection
	GlobalSection(ProjectConfigurationPlatforms) = postSolution
		{C12BCFE9-3B64-4994-87D8-B57210ED5AB6}.Debug|Any CPU.ActiveCfg = Debug|Any CPU
		{C12BCFE9-3B64-4994-87D8-B57210ED5AB6}.Debug|Any CPU.Build.0 = Debug|Any CPU
		{C12BCFE9-3B64-4994-87D8-B57210ED5AB6}.Release|Any CPU.ActiveCfg = Release|Any CPU
		{C12BCFE9-3B64-4994-87D8-B57210ED5AB6}.Release|Any CPU.Build.0 = Release|Any CPU
	EndGlobalSection
	GlobalSection(SolutionProperties) = preSolution
		HideSolutionNode = FALSE
	EndGlobalSection
	GlobalSection(ExtensibilityGlobals) = postSolution
		SolutionGuid = {0A07B61C-D5FB-471D-B00F-91955F6D3BC3}
	EndGlobalSection
EndGlobal
